
Microsoft Visual Studio Solution File, Format Version 12.00
# Visual Studio 2012
Project("{FAE04EC0-301F-11D3-BF4B-00C04F79EFBC}") = "OpenGamma.Core", "OpenGamma.Core\OpenGamma.Core.csproj", "{D0AA326F-E93D-42D2-9E4E-A000406350BA}"
EndProject
Project("{FAE04EC0-301F-11D3-BF4B-00C04F79EFBC}") = "OpenGamma.Tests.Core", "OpenGamma.Tests.Core\OpenGamma.Tests.Core.csproj", "{E0720E55-0A15-4D4A-AFFD-FA3C232F4589}"
EndProject
Project("{FAE04EC0-301F-11D3-BF4B-00C04F79EFBC}") = "OpenGamma.Tests.FudgeBuilder", "OpenGamma.Tests.FudgeBuilder\OpenGamma.Tests.FudgeBuilder.csproj", "{AEA1F592-26BB-4E89-9050-DA9496341F38}"
EndProject
Project("{FAE04EC0-301F-11D3-BF4B-00C04F79EFBC}") = "OpenGamma.Tests.Integration", "OpenGamma.Tests.Integration\OpenGamma.Tests.Integration.csproj", "{ED3DD6D3-4C21-46A2-9252-A8DED93FB259}"
EndProject
Project("{FAE04EC0-301F-11D3-BF4B-00C04F79EFBC}") = "Fudge", "..\Fudge-CSharp\Fudge\Fudge.csproj", "{109A43D4-CE96-41E7-9FFC-D7A30D238E06}"
EndProject
Global
	GlobalSection(SolutionConfigurationPlatforms) = preSolution
		Debug|Any CPU = Debug|Any CPU
		Release|Any CPU = Release|Any CPU
	EndGlobalSection
	GlobalSection(ProjectConfigurationPlatforms) = postSolution
		{D0AA326F-E93D-42D2-9E4E-A000406350BA}.Debug|Any CPU.ActiveCfg = Debug|Any CPU
		{D0AA326F-E93D-42D2-9E4E-A000406350BA}.Debug|Any CPU.Build.0 = Debug|Any CPU
		{D0AA326F-E93D-42D2-9E4E-A000406350BA}.Release|Any CPU.ActiveCfg = Release|Any CPU
		{D0AA326F-E93D-42D2-9E4E-A000406350BA}.Release|Any CPU.Build.0 = Release|Any CPU
		{E0720E55-0A15-4D4A-AFFD-FA3C232F4589}.Debug|Any CPU.ActiveCfg = Debug|Any CPU
		{E0720E55-0A15-4D4A-AFFD-FA3C232F4589}.Debug|Any CPU.Build.0 = Debug|Any CPU
		{E0720E55-0A15-4D4A-AFFD-FA3C232F4589}.Release|Any CPU.ActiveCfg = Release|Any CPU
		{E0720E55-0A15-4D4A-AFFD-FA3C232F4589}.Release|Any CPU.Build.0 = Release|Any CPU
		{AEA1F592-26BB-4E89-9050-DA9496341F38}.Debug|Any CPU.ActiveCfg = Debug|Any CPU
		{AEA1F592-26BB-4E89-9050-DA9496341F38}.Debug|Any CPU.Build.0 = Debug|Any CPU
		{AEA1F592-26BB-4E89-9050-DA9496341F38}.Release|Any CPU.ActiveCfg = Release|Any CPU
		{AEA1F592-26BB-4E89-9050-DA9496341F38}.Release|Any CPU.Build.0 = Release|Any CPU
		{ED3DD6D3-4C21-46A2-9252-A8DED93FB259}.Debug|Any CPU.ActiveCfg = Debug|Any CPU
		{ED3DD6D3-4C21-46A2-9252-A8DED93FB259}.Debug|Any CPU.Build.0 = Debug|Any CPU
		{ED3DD6D3-4C21-46A2-9252-A8DED93FB259}.Release|Any CPU.ActiveCfg = Release|Any CPU
		{ED3DD6D3-4C21-46A2-9252-A8DED93FB259}.Release|Any CPU.Build.0 = Release|Any CPU
		{109A43D4-CE96-41E7-9FFC-D7A30D238E06}.Debug|Any CPU.ActiveCfg = Debug|Any CPU
		{109A43D4-CE96-41E7-9FFC-D7A30D238E06}.Debug|Any CPU.Build.0 = Debug|Any CPU
		{109A43D4-CE96-41E7-9FFC-D7A30D238E06}.Release|Any CPU.ActiveCfg = Release|Any CPU
		{109A43D4-CE96-41E7-9FFC-D7A30D238E06}.Release|Any CPU.Build.0 = Release|Any CPU
	EndGlobalSection
	GlobalSection(SolutionProperties) = preSolution
		HideSolutionNode = FALSE
	EndGlobalSection
EndGlobal
